%{"bunt": {:hex, :bunt, "0.2.0", "951c6e801e8b1d2cbe58ebbd3e616a869061ddadcc4863d0a2182541acae9a38", [:mix], [], "hexpm"},
  "certifi": {:hex, :certifi, "1.2.1", "c3904f192bd5284e5b13f20db3ceac9626e14eeacfbb492e19583cf0e37b22be", [:rebar3], [], "hexpm"},
  "chatterbox": {:git, "https://github.com/rslota/chatterbox.git", "6f223e4b836585bce106ac8d93f84a9decf4568f", []},
  "confex": {:hex, :confex, "3.2.3", "f3e29188448c790dd75b416daeedddddcce0a9bb657721cd9ed3d857a2de0434", [:mix], [], "hexpm"},
  "cowboy": {:hex, :cowboy, "1.1.2", "61ac29ea970389a88eca5a65601460162d370a70018afe6f949a29dca91f3bb0", [:rebar3], [{:cowlib, "~> 1.0.2", [hex: :cowlib, repo: "hexpm", optional: false]}, {:ranch, "~> 1.3.2", [hex: :ranch, repo: "hexpm", optional: false]}], "hexpm"},
  "cowlib": {:hex, :cowlib, "1.0.2", "9d769a1d062c9c3ac753096f868ca121e2730b9a377de23dec0f7e08b1df84ee", [:make], [], "hexpm"},
  "credo": {:hex, :credo, "0.6.1", "a941e2591bd2bd2055dc92b810c174650b40b8290459c89a835af9d59ac4a5f8", [:mix], [{:bunt, "~> 0.2.0", [hex: :bunt, repo: "hexpm", optional: false]}], "hexpm"},
  "dialyxir": {:hex, :dialyxir, "0.5.0", "5bc543f9c28ecd51b99cc1a685a3c2a1a93216990347f259406a910cf048d1d7", [:mix], [], "hexpm"},
  "distillery": {:hex, :distillery, "1.3.3", "fe6f8f730d61f69e78408c8db6fb9909ae782803c7a03d2abf4465bfe2e408e9", [:mix], [], "hexpm"},
  "earmark": {:hex, :earmark, "1.1.1", "433136b7f2e99cde88b745b3a0cfc3fbc81fe58b918a09b40fce7f00db4d8187", [:mix], [], "hexpm"},
  "edown": {:git, "https://github.com/uwiger/edown.git", "d864427506cd93a00712b7c3b9a89d793e7e1600", [tag: "0.8"]},
  "elixometer": {:git, "https://github.com/pinterest/elixometer.git", "d1c85a31da3b450607a35bda2c8348fdfd4c93e4", []},
  "ex_doc": {:hex, :ex_doc, "0.15.0", "e73333785eef3488cf9144a6e847d3d647e67d02bd6fdac500687854dd5c599f", [:mix], [{:earmark, "~> 1.1", [hex: :earmark, repo: "hexpm", optional: false]}], "hexpm"},
  "excoveralls": {:hex, :excoveralls, "0.7.2", "f69ede8c122ccd3b60afc775348a53fc8c39fe4278aee2f538f0d81cc5e7ff3a", [:mix], [{:exjsx, ">= 3.0.0", [hex: :exjsx, repo: "hexpm", optional: false]}, {:hackney, ">= 0.12.0", [hex: :hackney, repo: "hexpm", optional: false]}], "hexpm"},
  "exjsx": {:hex, :exjsx, "4.0.0", "60548841e0212df401e38e63c0078ec57b33e7ea49b032c796ccad8cde794b5c", [:mix], [{:jsx, "~> 2.8.0", [hex: :jsx, repo: "hexpm", optional: false]}], "hexpm"},
  "exometer": {:git, "https://github.com/PSPDFKit-labs/exometer.git", "fc367682a809ccd463a907e6e00e52d6d354c83f", []},
  "exometer_core": {:git, "https://github.com/PSPDFKit-labs/exometer_core.git", "ccc18cf0328692756fd9b837a88823cf979da8e1", []},
  "goldrush": {:hex, :goldrush, "0.1.9", "f06e5d5f1277da5c413e84d5a2924174182fb108dabb39d5ec548b27424cd106", [:rebar3], [], "hexpm"},
  "hackney": {:hex, :hackney, "1.8.6", "21a725db3569b3fb11a6af17d5c5f654052ce9624219f1317e8639183de4a423", [:rebar3], [{:certifi, "1.2.1", [hex: :certifi, repo: "hexpm", optional: false]}, {:idna, "5.0.2", [hex: :idna, repo: "hexpm", optional: false]}, {:metrics, "1.0.1", [hex: :metrics, repo: "hexpm", optional: false]}, {:mimerl, "1.0.2", [hex: :mimerl, repo: "hexpm", optional: false]}, {:ssl_verify_fun, "1.1.1", [hex: :ssl_verify_fun, repo: "hexpm", optional: false]}], "hexpm"},
  "hpack": {:git, "https://github.com/joedevivo/hpack.git", "6b58b6231e9b6ab83096715120578976f72f4f7c", [tag: "0.2.3"]},
  "httpoison": {:hex, :httpoison, "0.12.0", "8fc3d791c5afe6beb0093680c667dd4ce712a49d89c38c3fe1a43100dd76cf90", [:mix], [{:hackney, "~> 1.8.0", [hex: :hackney, repo: "hexpm", optional: false]}], "hexpm"},
  "idna": {:hex, :idna, "5.0.2", "ac203208ada855d95dc591a764b6e87259cb0e2a364218f215ad662daa8cd6b4", [:rebar3], [{:unicode_util_compat, "0.2.0", [hex: :unicode_util_compat, repo: "hexpm", optional: false]}], "hexpm"},
  "jsx": {:hex, :jsx, "2.8.2", "7acc7d785b5abe8a6e9adbde926a24e481f29956dd8b4df49e3e4e7bcc92a018", [:mix, :rebar3], [], "hexpm"},
  "lager": {:hex, :lager, "3.2.4", "a6deb74dae7927f46bd13255268308ef03eb206ec784a94eaf7c1c0f3b811615", [:rebar3], [{:goldrush, "0.1.9", [hex: :goldrush, repo: "hexpm", optional: false]}], "hexpm"},
  "maru": {:hex, :maru, "0.12.3", "56d1f5cdd31fd75979b858e269fcfacb52c09cd73dbc8abecb31d981a174c4bc", [:mix], [{:cowboy, "~> 1.1", [hex: :cowboy, repo: "hexpm", optional: false]}, {:plug, "~> 1.4", [hex: :plug, repo: "hexpm", optional: false]}, {:poison, "~> 3.0", [hex: :poison, repo: "hexpm", optional: false]}], "hexpm"},
  "maru_swagger": {:git, "https://github.com/elixir-maru/maru_swagger.git", "d4376dd2e3470b66ffde3ec94caaf9f596997804", []},
  "meck": {:git, "https://github.com/eproxus/meck.git", "fcc551e3feaadf0e1f06451adcd7a2928d7bd66d", []},
  "metrics": {:hex, :metrics, "1.0.1", "25f094dea2cda98213cecc3aeff09e940299d950904393b2a29d191c346a8486", [:rebar3], [], "hexpm"},
  "mime": {:hex, :mime, "1.1.0", "01c1d6f4083d8aa5c7b8c246ade95139620ef8effb009edde934e0ec3b28090a", [:mix], [], "hexpm"},
  "mimerl": {:hex, :mimerl, "1.0.2", "993f9b0e084083405ed8252b99460c4f0563e41729ab42d9074fd5e52439be88", [:rebar3], [], "hexpm"},
  "mix_docker": {:hex, :mix_docker, "0.4.2", "366b99bf6091155f40d408db5d8509a8760fd669442eeacdcf8444effc9f04d6", [:mix], [{:distillery, "~> 1.2", [hex: :distillery, repo: "hexpm", optional: false]}], "hexpm"},
  "mock": {:hex, :mock, "0.3.0", "91523bc43d8c654891284b89b8ad0410212c0ebea332bc719d7167108ea8117d", [:mix], [{:meck, "~> 0.8.7", [hex: :meck, repo: "hexpm", optional: false]}], "hexpm"},
  "parse_trans": {:git, "git://github.com/uwiger/parse_trans.git", "82cc00264aa1bad8fc5c0739b7541feb4a843432", [tag: "2.9"]},
  "pigeon": {:git, "https://github.com/rslota/pigeon.git", "38b07c3bf1fe0bdc3ea5a22d9842320296781792", []},
  "plug": {:hex, :plug, "1.4.3", "236d77ce7bf3e3a2668dc0d32a9b6f1f9b1f05361019946aae49874904be4aed", [:mix], [{:cowboy, "~> 1.0.1 or ~> 1.1", [hex: :cowboy, repo: "hexpm", optional: true]}, {:mime, "~> 1.0", [hex: :mime, repo: "hexpm", optional: false]}], "hexpm"},
  "pobox": {:hex, :pobox, "1.0.2", "45a5bc91e3cf20f9bc0b94494f00fcdccbc333ab2e0856972b7f0f196fc41613", [:rebar3], [], "hexpm"},
  "poison": {:hex, :poison, "3.1.0", "d9eb636610e096f86f25d9a46f35a9facac35609a7591b3be3326e99a0484665", [:mix], [], "hexpm"},
  "pollution": {:hex, :pollution, "0.9.0", "2d172aeedc444f0fc06a69b03bb6a560fb141bcafcc0c8189c29b10ee6e50893", [:mix], [], "hexpm"},
  "poolboy": {:hex, :poolboy, "1.5.1", "6b46163901cfd0a1b43d692657ed9d7e599853b3b21b95ae5ae0a777cf9b6ca8", [:rebar], [], "hexpm"},
  "quixir": {:hex, :quixir, "0.9.1", "b9a45930f330ba485c1cb976afc9f5ceb14ebbe10faf755e0796bb971396c37c", [:mix], [{:pollution, "~> 0.9", [hex: :pollution, repo: "hexpm", optional: false]}], "hexpm"},
  "ranch": {:hex, :ranch, "1.3.2", "e4965a144dc9fbe70e5c077c65e73c57165416a901bd02ea899cfd95aa890986", [:rebar3], [], "hexpm"},
  "setup": {:git, "https://github.com/uwiger/setup.git", "76124131ac11bdb0112fb47a244784e152531dad", [tag: "1.8.0"]},
  "ssl_verify_fun": {:hex, :ssl_verify_fun, "1.1.1", "28a4d65b7f59893bc2c7de786dec1e1555bd742d336043fe644ae956c3497fbe", [:make, :rebar], [], "hexpm"},
  "unicode_util_compat": {:hex, :unicode_util_compat, "0.2.0", "dbbccf6781821b1c0701845eaf966c9b6d83d7c3bfc65ca2b78b88b8678bfa35", [:rebar3], [], "hexpm"},
  "uuid": {:hex, :uuid, "1.1.7", "007afd58273bc0bc7f849c3bdc763e2f8124e83b957e515368c498b641f7ab69", [:mix], [], "hexpm"}}
