%{
  "bear": {:hex, :bear, "0.8.5", "e95fca1627cd9e15baf93ce0a52aff16917baf325f0ee65b88cd715376cd2344", [:rebar3], [], "hexpm"},
  "bunt": {:hex, :bunt, "0.2.0", "951c6e801e8b1d2cbe58ebbd3e616a869061ddadcc4863d0a2182541acae9a38", [:mix], [], "hexpm"},
  "certifi": {:hex, :certifi, "2.3.1", "d0f424232390bf47d82da8478022301c561cf6445b5b5fb6a84d49a9e76d2639", [:rebar3], [{:parse_trans, "3.2.0", [hex: :parse_trans, repo: "hexpm", optional: false]}], "hexpm"},
  "chatterbox": {:git, "https://github.com/joedevivo/chatterbox.git", "7a3c64d3b88d8d0088b38f6d5d75fb0d4dc7f4a6", [ref: "7a3c64d"]},
  "confex": {:hex, :confex, "3.3.1", "8febaf751bf293a16a1ed2cbd258459cdcc7ca53cfa61d3f83d49dd276a992b4", [:mix], [], "hexpm"},
  "cowboy": {:hex, :cowboy, "2.4.0", "f1b72fabe9c8a5fc64ac5ac85fb65474d64733d1df52a26fad5d4ba3d9f70a9f", [:rebar3], [{:cowlib, "~> 2.3.0", [hex: :cowlib, repo: "hexpm", optional: false]}, {:ranch, "~> 1.5.0", [hex: :ranch, repo: "hexpm", optional: false]}], "hexpm"},
  "cowlib": {:hex, :cowlib, "2.3.0", "bbd58ef537904e4f7c1dd62e6aa8bc831c8183ce4efa9bd1150164fe15be4caa", [:rebar3], [], "hexpm"},
  "credo": {:hex, :credo, "0.10.0", "66234a95effaf9067edb19fc5d0cd5c6b461ad841baac42467afed96c78e5e9e", [:mix], [{:bunt, "~> 0.2.0", [hex: :bunt, repo: "hexpm", optional: false]}, {:jason, "~> 1.0", [hex: :jason, repo: "hexpm", optional: false]}], "hexpm"},
  "dialyxir": {:hex, :dialyxir, "0.5.1", "b331b091720fd93e878137add264bac4f644e1ddae07a70bf7062c7862c4b952", [:mix], [], "hexpm"},
  "distillery": {:hex, :distillery, "1.5.4", "d72e52c41bb9933a3dd1aedcab3406ac1e7b758e4fe375e84ef7e45689bdfa43", [:mix], [], "hexpm"},
  "earmark": {:hex, :earmark, "1.2.6", "b6da42b3831458d3ecc57314dff3051b080b9b2be88c2e5aa41cd642a5b044ed", [:mix], [], "hexpm"},
  "elixometer": {:git, "https://github.com/esl/elixometer.git", "6678c97f64ac8a4cf7ecbf32a4d342576d466b69", []},
  "ex_doc": {:hex, :ex_doc, "0.19.1", "519bb9c19526ca51d326c060cb1778d4a9056b190086a8c6c115828eaccea6cf", [:mix], [{:earmark, "~> 1.1", [hex: :earmark, repo: "hexpm", optional: false]}, {:makeup_elixir, "~> 0.7", [hex: :makeup_elixir, repo: "hexpm", optional: false]}], "hexpm"},
  "excoveralls": {:hex, :excoveralls, "0.10.0", "a4508bdd408829f38e7b2519f234b7fd5c83846099cda348efcb5291b081200c", [:mix], [{:hackney, "~> 1.13", [hex: :hackney, repo: "hexpm", optional: false]}, {:jason, "~> 1.0", [hex: :jason, repo: "hexpm", optional: false]}], "hexpm"},
  "exjsx": {:hex, :exjsx, "4.0.0", "60548841e0212df401e38e63c0078ec57b33e7ea49b032c796ccad8cde794b5c", [:mix], [{:jsx, "~> 2.8.0", [hex: :jsx, repo: "hexpm", optional: false]}], "hexpm"},
  "exometer_core": {:git, "https://github.com/esl/exometer_core.git", "00407ddca96a3b6413a49fe86a68bd62fd6c2e5e", []},
  "exometer_report_graphite": {:git, "https://github.com/esl/exometer_report_graphite.git", "264dd7bcbadbd7febcd43917302251286c88b681", []},
  "folsom": {:hex, :folsom, "0.8.5", "94a027b56fe84feed264f9b33cb4c6ac9a801fad84b87dbda0836ce83c3b8d69", [:rebar3], [{:bear, "0.8.5", [hex: :bear, repo: "hexpm", optional: false]}], "hexpm"},
  "goldrush": {:hex, :goldrush, "0.1.9", "f06e5d5f1277da5c413e84d5a2924174182fb108dabb39d5ec548b27424cd106", [:rebar3], [], "hexpm"},
  "hackney": {:hex, :hackney, "1.13.0", "24edc8cd2b28e1c652593833862435c80661834f6c9344e84b6a2255e7aeef03", [:rebar3], [{:certifi, "2.3.1", [hex: :certifi, repo: "hexpm", optional: false]}, {:idna, "5.1.2", [hex: :idna, repo: "hexpm", optional: false]}, {:metrics, "1.0.1", [hex: :metrics, repo: "hexpm", optional: false]}, {:mimerl, "1.0.2", [hex: :mimerl, repo: "hexpm", optional: false]}, {:ssl_verify_fun, "1.1.1", [hex: :ssl_verify_fun, repo: "hexpm", optional: false]}], "hexpm"},
  "hpack": {:git, "https://github.com/joedevivo/hpack.git", "6b58b6231e9b6ab83096715120578976f72f4f7c", [tag: "0.2.3"]},
  "httpoison": {:hex, :httpoison, "0.13.0", "bfaf44d9f133a6599886720f3937a7699466d23bb0cd7a88b6ba011f53c6f562", [:mix], [{:hackney, "~> 1.8", [hex: :hackney, repo: "hexpm", optional: false]}], "hexpm"},
  "hut": {:hex, :hut, "1.2.0", "0089df0faa2827c605bbada88153f24fff5ea7a4be32ecf0250a7fdc2719cafb", [:"erlang.mk", :rebar, :rebar3], [], "hexpm"},
  "idna": {:hex, :idna, "5.1.2", "e21cb58a09f0228a9e0b95eaa1217f1bcfc31a1aaa6e1fdf2f53a33f7dbd9494", [:rebar3], [{:unicode_util_compat, "0.3.1", [hex: :unicode_util_compat, repo: "hexpm", optional: false]}], "hexpm"},
  "jason": {:hex, :jason, "1.1.1", "d3ccb840dfb06f2f90a6d335b536dd074db748b3e7f5b11ab61d239506585eb2", [:mix], [{:decimal, "~> 1.0", [hex: :decimal, repo: "hexpm", optional: true]}], "hexpm"},
  "jsx": {:hex, :jsx, "2.8.3", "a05252d381885240744d955fbe3cf810504eb2567164824e19303ea59eef62cf", [:mix, :rebar3], [], "hexpm"},
  "lager": {:hex, :lager, "3.6.4", "ced6e98070fb4e58ee93174d006d46479c79844df7fc17fa4fefc1049a320d88", [:rebar3], [{:goldrush, "0.1.9", [hex: :goldrush, repo: "hexpm", optional: false]}], "hexpm"},
  "logger_lager_backend": {:hex, :logger_lager_backend, "0.1.0", "4858d5ac26a3a6085274933bf8b3061973cadac4adbe8e0181933e8cece78abb", [:mix], [{:lager, "~> 3.2", [hex: :lager, repo: "hexpm", optional: false]}], "hexpm"},
  "makeup": {:hex, :makeup, "0.5.1", "966c5c2296da272d42f1de178c1d135e432662eca795d6dc12e5e8787514edf7", [:mix], [{:nimble_parsec, "~> 0.2.2", [hex: :nimble_parsec, repo: "hexpm", optional: false]}], "hexpm"},
  "makeup_elixir": {:hex, :makeup_elixir, "0.8.0", "1204a2f5b4f181775a0e456154830524cf2207cf4f9112215c05e0b76e4eca8b", [:mix], [{:makeup, "~> 0.5.0", [hex: :makeup, repo: "hexpm", optional: false]}, {:nimble_parsec, "~> 0.2.2", [hex: :nimble_parsec, repo: "hexpm", optional: false]}], "hexpm"},
  "maru": {:git, "https://github.com/rslota/maru.git", "54fc0380cd4b7c8b597429d1fa70c2f08a714c01", [ref: "54fc038"]},
  "maru_swagger": {:git, "https://github.com/elixir-maru/maru_swagger.git", "e3dfad2bd01d50566c041dee3fcb4af375918244", []},
  "meck": {:git, "https://github.com/eproxus/meck.git", "12572c19983253a2c65cd4339dc3748ac3e83eea", []},
  "metrics": {:hex, :metrics, "1.0.1", "25f094dea2cda98213cecc3aeff09e940299d950904393b2a29d191c346a8486", [:rebar3], [], "hexpm"},
  "mime": {:hex, :mime, "1.3.0", "5e8d45a39e95c650900d03f897fbf99ae04f60ab1daa4a34c7a20a5151b7a5fe", [:mix], [], "hexpm"},
  "mimerl": {:hex, :mimerl, "1.0.2", "993f9b0e084083405ed8252b99460c4f0563e41729ab42d9074fd5e52439be88", [:rebar3], [], "hexpm"},
  "mix_docker": {:hex, :mix_docker, "0.5.0", "c7ad34008c43d4a949d69721f39c4d2a2afc509c179926a683117ea8dff8af59", [:mix], [{:distillery, "~> 1.2", [hex: :distillery, repo: "hexpm", optional: false]}], "hexpm"},
  "mock": {:hex, :mock, "0.3.2", "e98e998fd76c191c7e1a9557c8617912c53df3d4a6132f561eb762b699ef59fa", [:mix], [{:meck, "~> 0.8.8", [hex: :meck, repo: "hexpm", optional: false]}], "hexpm"},
  "nimble_parsec": {:hex, :nimble_parsec, "0.2.2", "d526b23bdceb04c7ad15b33c57c4526bf5f50aaa70c7c141b4b4624555c68259", [:mix], [], "hexpm"},
  "parse_trans": {:hex, :parse_trans, "3.2.0", "2adfa4daf80c14dc36f522cf190eb5c4ee3e28008fc6394397c16f62a26258c2", [:rebar3], [], "hexpm"},
  "pigeon": {:git, "https://github.com/rslota/pigeon.git", "f85b74e93ac4c863e34b641d14ccf4ca861ca3b4", [ref: "f85b74e"]},
  "plug": {:hex, :plug, "1.6.2", "e06a7bd2bb6de5145da0dd950070110dce88045351224bd98e84edfdaaf5ffee", [:mix], [{:cowboy, "~> 1.0.1 or ~> 1.1 or ~> 2.4", [hex: :cowboy, repo: "hexpm", optional: true]}, {:mime, "~> 1.0", [hex: :mime, repo: "hexpm", optional: false]}], "hexpm"},
  "pobox": {:hex, :pobox, "1.0.4", "e695bc3b2b547dd6c8e5a19cb743396e6670e306ad3ff498844738f9418bd686", [:rebar3], [], "hexpm"},
  "poison": {:hex, :poison, "3.1.0", "d9eb636610e096f86f25d9a46f35a9facac35609a7591b3be3326e99a0484665", [:mix], [], "hexpm"},
  "pollution": {:hex, :pollution, "0.9.2", "3f67542631071c99f807d2a8f9da799c07cd983c902f5357b9e1569c20a26e76", [:mix], [], "hexpm"},
  "poolboy": {:hex, :poolboy, "1.5.1", "6b46163901cfd0a1b43d692657ed9d7e599853b3b21b95ae5ae0a777cf9b6ca8", [:rebar], [], "hexpm"},
  "quixir": {:hex, :quixir, "0.9.3", "f01c37386b9e1d0526f01a8734a6d7884af294a0ec360f05c24c7171d74632bd", [:mix], [{:pollution, "~> 0.9.2", [hex: :pollution, repo: "hexpm", optional: false]}], "hexpm"},
  "ranch": {:hex, :ranch, "1.5.0", "f04166f456790fee2ac1aa05a02745cc75783c2bfb26d39faf6aefc9a3d3a58a", [:rebar3], [], "hexpm"},
  "ssl_verify_fun": {:hex, :ssl_verify_fun, "1.1.1", "28a4d65b7f59893bc2c7de786dec1e1555bd742d336043fe644ae956c3497fbe", [:make, :rebar], [], "hexpm"},
  "unicode_util_compat": {:hex, :unicode_util_compat, "0.3.1", "a1f612a7b512638634a603c8f401892afbf99b8ce93a45041f8aaca99cadb85e", [:rebar3], [], "hexpm"},
  "uuid": {:hex, :uuid, "1.1.8", "e22fc04499de0de3ed1116b770c7737779f226ceefa0badb3592e64d5cfb4eb9", [:mix], [], "hexpm"},
}
